
Microsoft Visual Studio Solution File, Format Version 12.00
Project("{FAE04EC0-301F-11D3-BF4B-00C04F79EFBC}") = "CVSUpload", "CVSUpload.csproj", "{D603BAC4-ED8D-476C-BF42-FB9520546ADA}"
EndProject
Global
	GlobalSection(SolutionConfigurationPlatforms) = preSolution
		Debug|Any CPU = Debug|Any CPU
		Release|Any CPU = Release|Any CPU
	EndGlobalSection
	GlobalSection(ProjectConfigurationPlatforms) = postSolution
		{D603BAC4-ED8D-476C-BF42-FB9520546ADA}.Debug|Any CPU.ActiveCfg = Debug|Any CPU
		{D603BAC4-ED8D-476C-BF42-FB9520546ADA}.Debug|Any CPU.Build.0 = Debug|Any CPU
		{D603BAC4-ED8D-476C-BF42-FB9520546ADA}.Release|Any CPU.ActiveCfg = Release|Any CPU
		{D603BAC4-ED8D-476C-BF42-FB9520546ADA}.Release|Any CPU.Build.0 = Release|Any CPU
	EndGlobalSection
EndGlobal
